
Microsoft Visual Studio Solution File, Format Version 12.00
Project("{FAE04EC0-301F-11D3-BF4B-00C04F79EFBC}") = "SortingAlgorithmsCli", "SortingAlgorithmsCli\SortingAlgorithmsCli.csproj", "{15D9BEF5-4437-4B42-B738-98CF98D5779B}"
EndProject
Global
	GlobalSection(SolutionConfigurationPlatforms) = preSolution
		Debug|Any CPU = Debug|Any CPU
		Release|Any CPU = Release|Any CPU
	EndGlobalSection
	GlobalSection(ProjectConfigurationPlatforms) = postSolution
		{15D9BEF5-4437-4B42-B738-98CF98D5779B}.Debug|Any CPU.ActiveCfg = Debug|Any CPU
		{15D9BEF5-4437-4B42-B738-98CF98D5779B}.Debug|Any CPU.Build.0 = Debug|Any CPU
		{15D9BEF5-4437-4B42-B738-98CF98D5779B}.Release|Any CPU.ActiveCfg = Release|Any CPU
		{15D9BEF5-4437-4B42-B738-98CF98D5779B}.Release|Any CPU.Build.0 = Release|Any CPU
	EndGlobalSection
EndGlobal
